# This file is automatically @generated by Poetry 1.8.1 and should not be changed by hand.

[[package]]
name = "advertools"
version = "0.14.2"
description = "Productivity and analysis tools for online marketing"
optional = false
python-versions = "*"
files = []

[[package]]
name = "aiohttp"
version = "3.9.3"
description = "Async http client/server framework (asyncio)"
optional = false
python-versions = "*"
files = []

[[package]]
name = "asyncio"
version = "3.4.3"
description = "reference implementation of PEP 3156"
optional = false
python-versions = "*"
files = []

[[package]]
name = "beautifulsoup4"
version = "4.12.3"
description = "Screen-scraping library"
optional = false
python-versions = "*"
files = []

[[package]]
name = "black"
version = "22.12.0"
description = "The uncompromising code formatter."
optional = false
python-versions = "*"
files = []

[[package]]
name = "coverage"
version = "7.4.3"
description = "Code coverage measurement for Python"
optional = false
python-versions = "*"
files = []

[[package]]
name = "dask-expr"
version = "0.4.2"
description = "High Level Expressions for Dask "
optional = false
python-versions = "*"
files = []

[[package]]
name = "flake8"
version = "4.0.1"
description = "the modular source code checker: pep8 pyflakes and co"
optional = false
python-versions = "*"
files = []

[[package]]
name = "invoke"
version = "1.7.3"
description = "Pythonic task execution"
optional = false
python-versions = "*"
files = []

[[package]]
name = "isort"
version = "5.13.2"
description = "A Python utility / library to sort Python imports."
optional = false
python-versions = "*"
files = []

[[package]]
name = "matplotlib"
version = "3.8.3"
description = "Python plotting package"
optional = false
python-versions = "*"
files = []

[[package]]
name = "modin"
version = "0.27.0"
description = "Modin: Make your pandas code run faster by changing one line of code."
optional = false
python-versions = "*"
files = []

[[package]]
name = "nltk"
version = "3.8.1"
description = "Natural Language Toolkit"
optional = false
python-versions = "*"
files = []

[[package]]
name = "pandas"
version = "2.2.1"
description = "Powerful data structures for data analysis, time series, and statistics"
optional = false
python-versions = "*"
files = []

[[package]]
name = "pandera"
version = "0.17.2"
description = "A light-weight and flexible data validation and testing tool for statistical data objects."
optional = false
python-versions = "*"
files = []

[[package]]
name = "plotly"
version = "5.19.0"
description = "An open-source, interactive data visualization library for Python"
optional = false
python-versions = "*"
files = []

[[package]]
name = "poetry-bumpversion"
version = "0.3.2"
description = "Poetry plugin to update __version__ in __init__ file and other files containing version strings"
optional = false
python-versions = "*"
files = []

[[package]]
name = "pre-commit"
version = "2.21.0"
description = "A framework for managing and maintaining multi-language pre-commit hooks."
optional = false
python-versions = "*"
files = []

[[package]]
name = "psycopg2-binary"
version = "2.9.9"
description = "psycopg2 - Python-PostgreSQL Database Adapter"
optional = false
python-versions = "*"
files = []

[[package]]
name = "pytest"
version = "7.4.4"
description = "pytest: simple powerful testing with Python"
optional = false
python-versions = "*"
files = []

[[package]]
name = "pytest-asyncio"
version = "0.23.5"
description = "Pytest support for asyncio"
optional = false
python-versions = "*"
files = []

[[package]]
name = "pytest-cov"
version = "3.0.0"
description = "Pytest plugin for measuring coverage."
optional = false
python-versions = "*"
files = []

[[package]]
name = "scikit-learn"
version = "1.4.1.post1"
description = "A set of python modules for machine learning and data mining"
optional = false
python-versions = "*"
files = []

[[package]]
name = "seaborn"
version = "0.12.2"
description = "Statistical data visualization"
optional = false
python-versions = "*"
files = []

[[package]]
name = "sentry-sdk"
version = "1.40.6"
description = "Python client for Sentry (https://sentry.io)"
optional = false
python-versions = "*"
files = []

[[package]]
name = "spacy"
version = "3.7.4"
description = "Industrial-strength Natural Language Processing (NLP) in Python"
optional = false
python-versions = "*"
files = []

[[package]]
name = "SQLAlchemy"
version = "2.0.27"
description = "Database Abstraction Library"
optional = false
python-versions = "*"
files = []

[[package]]
name = "streamlit"
version = "1.31.1"
description = "A faster way to build and share data apps"
optional = false
python-versions = "*"
files = []

[[package]]
name = "streamlit-tags"
version = "1.2.8"
description = "Tags custom component for Streamlit"
optional = false
python-versions = "*"
files = []

[[package]]
name = "swifter"
version = "1.4.0"
description = "A package which efficiently applies any function to a pandas dataframe or series in the fastest available manner"
optional = false
python-versions = "*"
files = []

[[package]]
name = "tenacity"
version = "8.2.3"
description = "Retry code until it succeeds"
optional = false
python-versions = "*"
files = []

[[package]]
name = "tomli"
version = "2.0.1"
description = "A lil' TOML parser"
optional = false
python-versions = "*"
files = []

[[package]]
name = "wordcloud"
version = "1.9.3"
description = "A little word cloud generator"
optional = false
python-versions = "*"
files = []

[[package]]
name = "xmltodict"
version = "0.13.0"
description = "Makes working with XML feel like you are working with JSON"
optional = false
python-versions = "*"
files = []

[metadata]
lock-version = "2.0"
python-versions = ">=3.11.0,<3.13.0"
content-hash = "129b132915c5b717b245f9fc9707a45082aca03a2bbd2a824d6a17933aef9634"
